{
  "nodes": {
    "crane": {
      "inputs": {
        "nixpkgs": [
          "zjstatus-source",
          "nixpkgs"
        ]
      },
      "locked": {
        "lastModified": 1703439018,
        "narHash": "sha256-VT+06ft/x3eMZ1MJxWzQP3zXFGcrxGo5VR2rB7t88hs=",
        "owner": "ipetkov",
        "repo": "crane",
        "rev": "afdcd41180e3dfe4dac46b5ee396e3b12ccc967a",
        "type": "github"
      },
      "original": {
        "owner": "ipetkov",
        "repo": "crane",
        "type": "github"
      }
    },
    "flake-utils": {
      "inputs": {
        "systems": "systems"
      },
      "locked": {
        "lastModified": 1701680307,
        "narHash": "sha256-kAuep2h5ajznlPMD9rnQyffWG8EM/C73lejGofXvdM8=",
        "owner": "numtide",
        "repo": "flake-utils",
        "rev": "4022d587cbbfd70fe950c1e2083a02621806a725",
        "type": "github"
      },
      "original": {
        "owner": "numtide",
        "repo": "flake-utils",
        "type": "github"
      }
    },
    "flake-utils_2": {
      "inputs": {
        "systems": "systems_2"
      },
      "locked": {
        "lastModified": 1701680307,
        "narHash": "sha256-kAuep2h5ajznlPMD9rnQyffWG8EM/C73lejGofXvdM8=",
        "owner": "numtide",
        "repo": "flake-utils",
        "rev": "4022d587cbbfd70fe950c1e2083a02621806a725",
        "type": "github"
      },
      "original": {
        "owner": "numtide",
        "repo": "flake-utils",
        "type": "github"
      }
    },
    "nixpkgs": {
      "locked": {
        "lastModified": 1703761225,
        "narHash": "sha256-ggLcONuVCMsSlhBSGT5s00ZT3EHq+ERrBj5zJAi2imw=",
        "owner": "NixOS",
        "repo": "nixpkgs",
        "rev": "07a7e0980c5af6eba7690bc07f6b7131625a3ebb",
        "type": "github"
      },
      "original": {
        "owner": "NixOS",
        "repo": "nixpkgs",
        "type": "github"
      }
    },
    "root": {
      "inputs": {
        "flake-utils": "flake-utils",
        "nixpkgs": "nixpkgs",
        "zjstatus-source": "zjstatus-source"
      }
    },
    "rust-overlay": {
      "inputs": {
        "flake-utils": [
          "zjstatus-source",
          "flake-utils"
        ],
        "nixpkgs": [
          "zjstatus-source",
          "nixpkgs"
        ]
      },
      "locked": {
        "lastModified": 1703470538,
        "narHash": "sha256-NVFMSr99F0TIqVWBwDqMH6lWoM4PVyzMtI+CPGRIscg=",
        "owner": "oxalica",
        "repo": "rust-overlay",
        "rev": "f2b937756343365f9b1ba66ec7a1ca489aef745c",
        "type": "github"
      },
      "original": {
        "owner": "oxalica",
        "repo": "rust-overlay",
        "type": "github"
      }
    },
    "systems": {
      "locked": {
        "lastModified": 1681028828,
        "narHash": "sha256-Vy1rq5AaRuLzOxct8nz4T6wlgyUR7zLU309k9mBC768=",
        "owner": "nix-systems",
        "repo": "default",
        "rev": "da67096a3b9bf56a91d16901293e51ba5b49a27e",
        "type": "github"
      },
      "original": {
        "owner": "nix-systems",
        "repo": "default",
        "type": "github"
      }
    },
    "systems_2": {
      "locked": {
        "lastModified": 1681028828,
        "narHash": "sha256-Vy1rq5AaRuLzOxct8nz4T6wlgyUR7zLU309k9mBC768=",
        "owner": "nix-systems",
        "repo": "default",
        "rev": "da67096a3b9bf56a91d16901293e51ba5b49a27e",
        "type": "github"
      },
      "original": {
        "owner": "nix-systems",
        "repo": "default",
        "type": "github"
      }
    },
    "zjstatus-source": {
      "inputs": {
        "crane": "crane",
        "flake-utils": "flake-utils_2",
        "nixpkgs": [
          "nixpkgs"
        ],
        "rust-overlay": "rust-overlay"
      },
      "locked": {
        "lastModified": 1703617371,
        "narHash": "sha256-5FN1SMvs1HxQqF1V4BV34rlzclNtV10EaF6KyEI2Ybg=",
        "owner": "dj95",
        "repo": "zjstatus",
        "rev": "08e0962a3fa2eaff39d3a4fcfa321aa887800c7b",
        "type": "github"
      },
      "original": {
        "owner": "dj95",
        "repo": "zjstatus",
        "type": "github"
      }
    }
  },
  "root": "root",
  "version": 7
}
